
Microsoft Visual Studio Solution File, Format Version 12.00
# Visual Studio Version 17
VisualStudioVersion = 17.11.35222.181
MinimumVisualStudioVersion = 10.0.40219.1
Project("{2150E333-8FDC-42A3-9474-1A3956D46DE8}") = "Task0", "Task0", "{5DF3F7BE-4EF6-49F0-8496-7BFA49E8EF90}"
EndProject
Project("{2150E333-8FDC-42A3-9474-1A3956D46DE8}") = "Task1", "Task1", "{0B3A4BDE-1E64-43B1-8628-74C04BA7321A}"
EndProject
Project("{2150E333-8FDC-42A3-9474-1A3956D46DE8}") = "Task2", "Task2", "{D4DCEDFD-FA4E-4399-9A2E-49BA9C5B01CF}"
EndProject
Project("{2150E333-8FDC-42A3-9474-1A3956D46DE8}") = "Task3", "Task3", "{8002F8D8-E881-4ED7-B349-484024D9EBEA}"
EndProject
Project("{2150E333-8FDC-42A3-9474-1A3956D46DE8}") = "Task4", "Task4", "{E1DA7427-BCAA-40F5-867F-A3E154E1AD5C}"
EndProject
Project("{2150E333-8FDC-42A3-9474-1A3956D46DE8}") = "Task5", "Task5", "{E6D3AA0F-E6AF-44C1-BA3A-4DB1C01909C1}"
EndProject
Project("{2150E333-8FDC-42A3-9474-1A3956D46DE8}") = "Task6", "Task6", "{6863DE74-BBD2-4B5B-8002-3F8D37D43D88}"
EndProject
Project("{2150E333-8FDC-42A3-9474-1A3956D46DE8}") = "Task7", "Task7", "{7D128156-D150-4CF3-8D2D-AEBD7D54BF35}"
EndProject
Project("{9A19103F-16F7-4668-BE54-9A1E7A4F7556}") = "Tyuiu.IvanovPG.Sprint6.Task0.V20.Lib", "Tyuiu.IvanovPG.Sprint6.Task0.V20.Lib\Tyuiu.IvanovPG.Sprint6.Task0.V20.Lib.csproj", "{CF6582A1-5C82-4C10-8228-7C7B2BD33708}"
EndProject
Project("{9A19103F-16F7-4668-BE54-9A1E7A4F7556}") = "Tyuiu.IvanovPG.Sprint6.Task0.V20.Test", "Tyuiu.IvanovPG.Sprint6.Task0.V20.Test\Tyuiu.IvanovPG.Sprint6.Task0.V20.Test.csproj", "{E92DD75A-6F6B-4B81-A187-4BE8733C85EE}"
EndProject
Project("{9A19103F-16F7-4668-BE54-9A1E7A4F7556}") = "Tyuiu.IvanovPG.Sprint6.Task0.V20", "Tyuiu.IvanovPG.Sprint6.Task0.V20\Tyuiu.IvanovPG.Sprint6.Task0.V20.csproj", "{4FD53455-BB68-4CC9-8383-05D5F86D0CCD}"
EndProject
Project("{9A19103F-16F7-4668-BE54-9A1E7A4F7556}") = "Tyuiu.IvanovPG.Sprint6.Task1.V19.Lib", "Tyuiu.IvanovPG.Sprint6.Task1.V19.Lib\Tyuiu.IvanovPG.Sprint6.Task1.V19.Lib.csproj", "{EA9EB090-604C-4423-8B72-468DB750C103}"
EndProject
Project("{9A19103F-16F7-4668-BE54-9A1E7A4F7556}") = "Tyuiu.IvanovPG.Sprint6.Task1.V19.Test", "Tyuiu.IvanovPG.Sprint6.Task1.V19.Test\Tyuiu.IvanovPG.Sprint6.Task1.V19.Test.csproj", "{106907FB-0618-4CC8-9B58-DF6CD4AA5C51}"
EndProject
Project("{9A19103F-16F7-4668-BE54-9A1E7A4F7556}") = "Tyuiu.IvanovPG.Sprint6.Task1.V19", "Tyuiu.IvanovPG.Sprint6.Task1.V19\Tyuiu.IvanovPG.Sprint6.Task1.V19.csproj", "{4C1FF9B9-8F5D-4167-A141-C3E1E23199B4}"
EndProject
Project("{FAE04EC0-301F-11D3-BF4B-00C04F79EFBC}") = "Tyuiu.IvanovPG.Sprint6.Task2.V8.Lib", "Tyuiu.IvanovPG.Sprint6.Task2.V8.Lib\Tyuiu.IvanovPG.Sprint6.Task2.V8.Lib.csproj", "{595AB896-C639-4FAB-A5F8-3D74391E4A8F}"
EndProject
Project("{FAE04EC0-301F-11D3-BF4B-00C04F79EFBC}") = "Tyuiu.IvanovPG.Sprint6.Task2.V8.Test", "Tyuiu.IvanovPG.Sprint6.Task2.V8.Test\Tyuiu.IvanovPG.Sprint6.Task2.V8.Test.csproj", "{B047E66D-A34E-4208-A96B-6FCE060A380D}"
EndProject
Project("{FAE04EC0-301F-11D3-BF4B-00C04F79EFBC}") = "Tyuiu.IvanovPG.Sprint6.Task2.V8", "Tyuiu.IvanovPG.Sprint6.Task2.V8\Tyuiu.IvanovPG.Sprint6.Task2.V8.csproj", "{3B3FC01A-B492-4E4F-B6A7-D6DF4E061E21}"
EndProject
Global
	GlobalSection(SolutionConfigurationPlatforms) = preSolution
		Debug|Any CPU = Debug|Any CPU
		Release|Any CPU = Release|Any CPU
	EndGlobalSection
	GlobalSection(ProjectConfigurationPlatforms) = postSolution
		{CF6582A1-5C82-4C10-8228-7C7B2BD33708}.Debug|Any CPU.ActiveCfg = Debug|Any CPU
		{CF6582A1-5C82-4C10-8228-7C7B2BD33708}.Debug|Any CPU.Build.0 = Debug|Any CPU
		{CF6582A1-5C82-4C10-8228-7C7B2BD33708}.Release|Any CPU.ActiveCfg = Release|Any CPU
		{CF6582A1-5C82-4C10-8228-7C7B2BD33708}.Release|Any CPU.Build.0 = Release|Any CPU
		{E92DD75A-6F6B-4B81-A187-4BE8733C85EE}.Debug|Any CPU.ActiveCfg = Debug|Any CPU
		{E92DD75A-6F6B-4B81-A187-4BE8733C85EE}.Debug|Any CPU.Build.0 = Debug|Any CPU
		{E92DD75A-6F6B-4B81-A187-4BE8733C85EE}.Release|Any CPU.ActiveCfg = Release|Any CPU
		{E92DD75A-6F6B-4B81-A187-4BE8733C85EE}.Release|Any CPU.Build.0 = Release|Any CPU
		{4FD53455-BB68-4CC9-8383-05D5F86D0CCD}.Debug|Any CPU.ActiveCfg = Debug|Any CPU
		{4FD53455-BB68-4CC9-8383-05D5F86D0CCD}.Debug|Any CPU.Build.0 = Debug|Any CPU
		{4FD53455-BB68-4CC9-8383-05D5F86D0CCD}.Release|Any CPU.ActiveCfg = Release|Any CPU
		{4FD53455-BB68-4CC9-8383-05D5F86D0CCD}.Release|Any CPU.Build.0 = Release|Any CPU
		{EA9EB090-604C-4423-8B72-468DB750C103}.Debug|Any CPU.ActiveCfg = Debug|Any CPU
		{EA9EB090-604C-4423-8B72-468DB750C103}.Debug|Any CPU.Build.0 = Debug|Any CPU
		{EA9EB090-604C-4423-8B72-468DB750C103}.Release|Any CPU.ActiveCfg = Release|Any CPU
		{EA9EB090-604C-4423-8B72-468DB750C103}.Release|Any CPU.Build.0 = Release|Any CPU
		{106907FB-0618-4CC8-9B58-DF6CD4AA5C51}.Debug|Any CPU.ActiveCfg = Debug|Any CPU
		{106907FB-0618-4CC8-9B58-DF6CD4AA5C51}.Debug|Any CPU.Build.0 = Debug|Any CPU
		{106907FB-0618-4CC8-9B58-DF6CD4AA5C51}.Release|Any CPU.ActiveCfg = Release|Any CPU
		{106907FB-0618-4CC8-9B58-DF6CD4AA5C51}.Release|Any CPU.Build.0 = Release|Any CPU
		{4C1FF9B9-8F5D-4167-A141-C3E1E23199B4}.Debug|Any CPU.ActiveCfg = Debug|Any CPU
		{4C1FF9B9-8F5D-4167-A141-C3E1E23199B4}.Debug|Any CPU.Build.0 = Debug|Any CPU
		{4C1FF9B9-8F5D-4167-A141-C3E1E23199B4}.Release|Any CPU.ActiveCfg = Release|Any CPU
		{4C1FF9B9-8F5D-4167-A141-C3E1E23199B4}.Release|Any CPU.Build.0 = Release|Any CPU
		{595AB896-C639-4FAB-A5F8-3D74391E4A8F}.Debug|Any CPU.ActiveCfg = Debug|Any CPU
		{595AB896-C639-4FAB-A5F8-3D74391E4A8F}.Debug|Any CPU.Build.0 = Debug|Any CPU
		{595AB896-C639-4FAB-A5F8-3D74391E4A8F}.Release|Any CPU.ActiveCfg = Release|Any CPU
		{595AB896-C639-4FAB-A5F8-3D74391E4A8F}.Release|Any CPU.Build.0 = Release|Any CPU
		{B047E66D-A34E-4208-A96B-6FCE060A380D}.Debug|Any CPU.ActiveCfg = Debug|Any CPU
		{B047E66D-A34E-4208-A96B-6FCE060A380D}.Debug|Any CPU.Build.0 = Debug|Any CPU
		{B047E66D-A34E-4208-A96B-6FCE060A380D}.Release|Any CPU.ActiveCfg = Release|Any CPU
		{B047E66D-A34E-4208-A96B-6FCE060A380D}.Release|Any CPU.Build.0 = Release|Any CPU
		{3B3FC01A-B492-4E4F-B6A7-D6DF4E061E21}.Debug|Any CPU.ActiveCfg = Debug|Any CPU
		{3B3FC01A-B492-4E4F-B6A7-D6DF4E061E21}.Debug|Any CPU.Build.0 = Debug|Any CPU
		{3B3FC01A-B492-4E4F-B6A7-D6DF4E061E21}.Release|Any CPU.ActiveCfg = Release|Any CPU
		{3B3FC01A-B492-4E4F-B6A7-D6DF4E061E21}.Release|Any CPU.Build.0 = Release|Any CPU
	EndGlobalSection
	GlobalSection(SolutionProperties) = preSolution
		HideSolutionNode = FALSE
	EndGlobalSection
	GlobalSection(NestedProjects) = preSolution
		{CF6582A1-5C82-4C10-8228-7C7B2BD33708} = {5DF3F7BE-4EF6-49F0-8496-7BFA49E8EF90}
		{E92DD75A-6F6B-4B81-A187-4BE8733C85EE} = {5DF3F7BE-4EF6-49F0-8496-7BFA49E8EF90}
		{4FD53455-BB68-4CC9-8383-05D5F86D0CCD} = {5DF3F7BE-4EF6-49F0-8496-7BFA49E8EF90}
		{EA9EB090-604C-4423-8B72-468DB750C103} = {0B3A4BDE-1E64-43B1-8628-74C04BA7321A}
		{106907FB-0618-4CC8-9B58-DF6CD4AA5C51} = {0B3A4BDE-1E64-43B1-8628-74C04BA7321A}
		{4C1FF9B9-8F5D-4167-A141-C3E1E23199B4} = {0B3A4BDE-1E64-43B1-8628-74C04BA7321A}
		{595AB896-C639-4FAB-A5F8-3D74391E4A8F} = {D4DCEDFD-FA4E-4399-9A2E-49BA9C5B01CF}
		{B047E66D-A34E-4208-A96B-6FCE060A380D} = {D4DCEDFD-FA4E-4399-9A2E-49BA9C5B01CF}
		{3B3FC01A-B492-4E4F-B6A7-D6DF4E061E21} = {D4DCEDFD-FA4E-4399-9A2E-49BA9C5B01CF}
	EndGlobalSection
	GlobalSection(ExtensibilityGlobals) = postSolution
		SolutionGuid = {99CF56EE-4603-493D-982E-EF0DF5CFC3D2}
	EndGlobalSection
EndGlobal
